NeoBundleLock neobundle.vim ed123adb1dd31358f1ed35e852fb219c5214cf7c
NeoBundleLock neocomplcache 778181767467b8f8016828898779a646074d883a
NeoBundleLock nerdtree 96c07746b46c12d0aca7a5276cc5bd0a260b82fe
NeoBundleLock tcomment_vim 1a9e65e6e1b2783816b606d57184a05ef3f91339
NeoBundleLock unite.vim b2e6af30281a27ec1437becfc8cb37cb8abdc760
