NeoBundleLock neobundle.vim ed123adb1dd31358f1ed35e852fb219c5214cf7c
NeoBundleLock neocomplcache d4aac88a6ba8d17e3e6a77228cf92429edfd0ad4
NeoBundleLock nerdtree d4aac88a6ba8d17e3e6a77228cf92429edfd0ad4
NeoBundleLock tcomment_vim d4aac88a6ba8d17e3e6a77228cf92429edfd0ad4
NeoBundleLock unite.vim d4aac88a6ba8d17e3e6a77228cf92429edfd0ad4
